// !$*UTF8*$!
{
	archiveVersion = 1;
	classes = {
	};
	objectVersion = 50;
	objects = {

/* Begin PBXBuildFile section */
		184BC8622561056E0097D6F5 /* XCTestCaseExtensions.swift in Sources */ = {isa = PBXBuildFile; fileRef = 184BC8612561056E0097D6F5 /* XCTestCaseExtensions.swift */; };
		184BC86A256109790097D6F5 /* SuperHeroSearchOutput.swift in Sources */ = {isa = PBXBuildFile; fileRef = 184BC869256109790097D6F5 /* SuperHeroSearchOutput.swift */; };
		184BC87225610D750097D6F5 /* SearchMoviesOutput.json in Resources */ = {isa = PBXBuildFile; fileRef = 184BC87125610D750097D6F5 /* SearchMoviesOutput.json */; };
		184BC87A25610D9C0097D6F5 /* SuperHeroAPITests.swift in Sources */ = {isa = PBXBuildFile; fileRef = 184BC87925610D9C0097D6F5 /* SuperHeroAPITests.swift */; };
		184BC87F25610ECB0097D6F5 /* HomeScreenViewModel.swift in Sources */ = {isa = PBXBuildFile; fileRef = 184BC87E25610ECB0097D6F5 /* HomeScreenViewModel.swift */; };
		184BC88425610F670097D6F5 /* SearchSuperHeroesErrorOutput.swift in Sources */ = {isa = PBXBuildFile; fileRef = 184BC88325610F670097D6F5 /* SearchSuperHeroesErrorOutput.swift */; };
		184BC889256110030097D6F5 /* HomeScreenActions.swift in Sources */ = {isa = PBXBuildFile; fileRef = 184BC888256110030097D6F5 /* HomeScreenActions.swift */; };
		184BC893256115180097D6F5 /* SearchScreenViewModel.swift in Sources */ = {isa = PBXBuildFile; fileRef = 184BC892256115180097D6F5 /* SearchScreenViewModel.swift */; };
		184BC898256115260097D6F5 /* SearchScreenActions.swift in Sources */ = {isa = PBXBuildFile; fileRef = 184BC897256115260097D6F5 /* SearchScreenActions.swift */; };
		184BC8A5256118E20097D6F5 /* SearchListTableCell.swift in Sources */ = {isa = PBXBuildFile; fileRef = 184BC8A3256118E20097D6F5 /* SearchListTableCell.swift */; };
		184BC8A6256118E20097D6F5 /* SearchListTableCell.xib in Resources */ = {isa = PBXBuildFile; fileRef = 184BC8A4256118E20097D6F5 /* SearchListTableCell.xib */; };
		1862334C25612B4B001E7543 /* BasicDetailsTableCell.swift in Sources */ = {isa = PBXBuildFile; fileRef = 1862334A25612B4B001E7543 /* BasicDetailsTableCell.swift */; };
		1862334D25612B4B001E7543 /* BasicDetailsTableCell.xib in Resources */ = {isa = PBXBuildFile; fileRef = 1862334B25612B4B001E7543 /* BasicDetailsTableCell.xib */; };
		1862335425614ADF001E7543 /* CharacterDetailScreenController.swift in Sources */ = {isa = PBXBuildFile; fileRef = 1862335225614ADF001E7543 /* CharacterDetailScreenController.swift */; };
		1862335525614ADF001E7543 /* CharacterDetailScreenController.xib in Resources */ = {isa = PBXBuildFile; fileRef = 1862335325614ADF001E7543 /* CharacterDetailScreenController.xib */; };
		1862335B2561525B001E7543 /* CharacterDetailTableData.swift in Sources */ = {isa = PBXBuildFile; fileRef = 1862335A2561525B001E7543 /* CharacterDetailTableData.swift */; };
		1872A756256163DC006B596C /* DualLabelTableCell.swift in Sources */ = {isa = PBXBuildFile; fileRef = 1872A754256163DC006B596C /* DualLabelTableCell.swift */; };
		1872A757256163DC006B596C /* DualLabelTableCell.xib in Resources */ = {isa = PBXBuildFile; fileRef = 1872A755256163DC006B596C /* DualLabelTableCell.xib */; };
		18C964C4255F79C8006D60F9 /* AppDelegate.swift in Sources */ = {isa = PBXBuildFile; fileRef = 18C964C3255F79C8006D60F9 /* AppDelegate.swift */; };
		18C964CE255F79C8006D60F9 /* Supremo.xcdatamodeld in Sources */ = {isa = PBXBuildFile; fileRef = 18C964CC255F79C8006D60F9 /* Supremo.xcdatamodeld */; };
		18C964D0255F79CC006D60F9 /* Assets.xcassets in Resources */ = {isa = PBXBuildFile; fileRef = 18C964CF255F79CC006D60F9 /* Assets.xcassets */; };
		18C964D3255F79CC006D60F9 /* LaunchScreen.storyboard in Resources */ = {isa = PBXBuildFile; fileRef = 18C964D1255F79CC006D60F9 /* LaunchScreen.storyboard */; };
		18C964DE255F79CD006D60F9 /* SupremoTests.swift in Sources */ = {isa = PBXBuildFile; fileRef = 18C964DD255F79CD006D60F9 /* SupremoTests.swift */; };
		18C964E9255F79CD006D60F9 /* SupremoUITests.swift in Sources */ = {isa = PBXBuildFile; fileRef = 18C964E8255F79CD006D60F9 /* SupremoUITests.swift */; };
		18C9651D255F7D68006D60F9 /* MockURLSession.swift in Sources */ = {isa = PBXBuildFile; fileRef = 18C9650F255F7D68006D60F9 /* MockURLSession.swift */; };
		18C9651E255F7D68006D60F9 /* URLSessionDataTaskProtocol.swift in Sources */ = {isa = PBXBuildFile; fileRef = 18C96510255F7D68006D60F9 /* URLSessionDataTaskProtocol.swift */; };
		18C9651F255F7D68006D60F9 /* Routable.swift in Sources */ = {isa = PBXBuildFile; fileRef = 18C96512255F7D68006D60F9 /* Routable.swift */; };
		18C96520255F7D68006D60F9 /* APIRouter.swift in Sources */ = {isa = PBXBuildFile; fileRef = 18C96513255F7D68006D60F9 /* APIRouter.swift */; };
		18C96521255F7D68006D60F9 /* HTTPMethod.swift in Sources */ = {isa = PBXBuildFile; fileRef = 18C96514255F7D68006D60F9 /* HTTPMethod.swift */; };
		18C96522255F7D68006D60F9 /* RawJSONOverHTTP.swift in Sources */ = {isa = PBXBuildFile; fileRef = 18C96515255F7D68006D60F9 /* RawJSONOverHTTP.swift */; };
		18C9652F255F7D75006D60F9 /* APIClient.swift in Sources */ = {isa = PBXBuildFile; fileRef = 18C9652D255F7D75006D60F9 /* APIClient.swift */; };
		18C96544255F7F50006D60F9 /* GenericErrors.swift in Sources */ = {isa = PBXBuildFile; fileRef = 18C9653B255F7F50006D60F9 /* GenericErrors.swift */; };
		18C96545255F7F50006D60F9 /* FontManagerUtility.swift in Sources */ = {isa = PBXBuildFile; fileRef = 18C9653D255F7F50006D60F9 /* FontManagerUtility.swift */; };
		18C96546255F7F50006D60F9 /* CoreDataManager.swift in Sources */ = {isa = PBXBuildFile; fileRef = 18C9653F255F7F50006D60F9 /* CoreDataManager.swift */; };
		18C96547255F7F50006D60F9 /* SwiftyImageDownloader.swift in Sources */ = {isa = PBXBuildFile; fileRef = 18C96541255F7F50006D60F9 /* SwiftyImageDownloader.swift */; };
		18C96548255F7F50006D60F9 /* RecentSearchManager.swift in Sources */ = {isa = PBXBuildFile; fileRef = 18C96543255F7F50006D60F9 /* RecentSearchManager.swift */; };
		18C96555255F7F8D006D60F9 /* StringExtensions.swift in Sources */ = {isa = PBXBuildFile; fileRef = 18C9654E255F7F8D006D60F9 /* StringExtensions.swift */; };
		18C96556255F7F8D006D60F9 /* UIViewControllerExtension.swift in Sources */ = {isa = PBXBuildFile; fileRef = 18C9654F255F7F8D006D60F9 /* UIViewControllerExtension.swift */; };
		18C96557255F7F8D006D60F9 /* UITableViewExtension.swift in Sources */ = {isa = PBXBuildFile; fileRef = 18C96550255F7F8D006D60F9 /* UITableViewExtension.swift */; };
		18C96558255F7F8D006D60F9 /* UIViewExtension.swift in Sources */ = {isa = PBXBuildFile; fileRef = 18C96551255F7F8D006D60F9 /* UIViewExtension.swift */; };
		18C9655A255F7F8D006D60F9 /* UIColorExtensions.swift in Sources */ = {isa = PBXBuildFile; fileRef = 18C96553255F7F8D006D60F9 /* UIColorExtensions.swift */; };
		18C96563255F80B4006D60F9 /* SuperHeroAPIService.swift in Sources */ = {isa = PBXBuildFile; fileRef = 18C96562255F80B4006D60F9 /* SuperHeroAPIService.swift */; };
		18C9656C255F818E006D60F9 /* ThirdPartyConstants.swift in Sources */ = {isa = PBXBuildFile; fileRef = 18C9656B255F818E006D60F9 /* ThirdPartyConstants.swift */; };
		18C9657E255F8337006D60F9 /* HomeScreenController.swift in Sources */ = {isa = PBXBuildFile; fileRef = 18C9657C255F8337006D60F9 /* HomeScreenController.swift */; };
		18C9657F255F8337006D60F9 /* HomeScreenController.xib in Resources */ = {isa = PBXBuildFile; fileRef = 18C9657D255F8337006D60F9 /* HomeScreenController.xib */; };
		18C965A1255FB29A006D60F9 /* RecentSearchListTableCell.swift in Sources */ = {isa = PBXBuildFile; fileRef = 18C9658E255FB29A006D60F9 /* RecentSearchListTableCell.swift */; };
		18C965A2255FB29A006D60F9 /* RecentSearchListTableCell.xib in Resources */ = {isa = PBXBuildFile; fileRef = 18C9658F255FB29A006D60F9 /* RecentSearchListTableCell.xib */; };
		18C965C9255FBD90006D60F9 /* Poppins-ExtraLight.ttf in Resources */ = {isa = PBXBuildFile; fileRef = 18C965B6255FBD90006D60F9 /* Poppins-ExtraLight.ttf */; };
		18C965CA255FBD90006D60F9 /* Poppins-ThinItalic.ttf in Resources */ = {isa = PBXBuildFile; fileRef = 18C965B7255FBD90006D60F9 /* Poppins-ThinItalic.ttf */; };
		18C965CB255FBD90006D60F9 /* Poppins-ExtraLightItalic.ttf in Resources */ = {isa = PBXBuildFile; fileRef = 18C965B8255FBD90006D60F9 /* Poppins-ExtraLightItalic.ttf */; };
		18C965CC255FBD90006D60F9 /* Poppins-BoldItalic.ttf in Resources */ = {isa = PBXBuildFile; fileRef = 18C965B9255FBD90006D60F9 /* Poppins-BoldItalic.ttf */; };
		18C965CD255FBD90006D60F9 /* Poppins-Light.ttf in Resources */ = {isa = PBXBuildFile; fileRef = 18C965BA255FBD90006D60F9 /* Poppins-Light.ttf */; };
		18C965CE255FBD90006D60F9 /* Poppins-Medium.ttf in Resources */ = {isa = PBXBuildFile; fileRef = 18C965BB255FBD90006D60F9 /* Poppins-Medium.ttf */; };
		18C965CF255FBD90006D60F9 /* Poppins-SemiBoldItalic.ttf in Resources */ = {isa = PBXBuildFile; fileRef = 18C965BC255FBD90006D60F9 /* Poppins-SemiBoldItalic.ttf */; };
		18C965D0255FBD90006D60F9 /* Poppins-ExtraBoldItalic.ttf in Resources */ = {isa = PBXBuildFile; fileRef = 18C965BD255FBD90006D60F9 /* Poppins-ExtraBoldItalic.ttf */; };
		18C965D1255FBD90006D60F9 /* Poppins-ExtraBold.ttf in Resources */ = {isa = PBXBuildFile; fileRef = 18C965BE255FBD90006D60F9 /* Poppins-ExtraBold.ttf */; };
		18C965D2255FBD90006D60F9 /* Poppins-BlackItalic.ttf in Resources */ = {isa = PBXBuildFile; fileRef = 18C965BF255FBD90006D60F9 /* Poppins-BlackItalic.ttf */; };
		18C965D3255FBD90006D60F9 /* OFL.txt in Resources */ = {isa = PBXBuildFile; fileRef = 18C965C0255FBD90006D60F9 /* OFL.txt */; };
		18C965D4255FBD90006D60F9 /* Poppins-Regular.ttf in Resources */ = {isa = PBXBuildFile; fileRef = 18C965C1255FBD90006D60F9 /* Poppins-Regular.ttf */; };
		18C965D5255FBD90006D60F9 /* Poppins-LightItalic.ttf in Resources */ = {isa = PBXBuildFile; fileRef = 18C965C2255FBD90006D60F9 /* Poppins-LightItalic.ttf */; };
		18C965D6255FBD90006D60F9 /* Poppins-Bold.ttf in Resources */ = {isa = PBXBuildFile; fileRef = 18C965C3255FBD90006D60F9 /* Poppins-Bold.ttf */; };
		18C965D7255FBD90006D60F9 /* Poppins-Black.ttf in Resources */ = {isa = PBXBuildFile; fileRef = 18C965C4255FBD90006D60F9 /* Poppins-Black.ttf */; };
		18C965D8255FBD90006D60F9 /* Poppins-Thin.ttf in Resources */ = {isa = PBXBuildFile; fileRef = 18C965C5255FBD90006D60F9 /* Poppins-Thin.ttf */; };
		18C965D9255FBD90006D60F9 /* Poppins-SemiBold.ttf in Resources */ = {isa = PBXBuildFile; fileRef = 18C965C6255FBD90006D60F9 /* Poppins-SemiBold.ttf */; };
		18C965DA255FBD90006D60F9 /* Poppins-Italic.ttf in Resources */ = {isa = PBXBuildFile; fileRef = 18C965C7255FBD90006D60F9 /* Poppins-Italic.ttf */; };
		18C965DB255FBD90006D60F9 /* Poppins-MediumItalic.ttf in Resources */ = {isa = PBXBuildFile; fileRef = 18C965C8255FBD90006D60F9 /* Poppins-MediumItalic.ttf */; };
		18C965E2255FC107006D60F9 /* SearchScreenController.swift in Sources */ = {isa = PBXBuildFile; fileRef = 18C965E0255FC107006D60F9 /* SearchScreenController.swift */; };
		18C965E3255FC107006D60F9 /* SearchScreenController.xib in Resources */ = {isa = PBXBuildFile; fileRef = 18C965E1255FC107006D60F9 /* SearchScreenController.xib */; };
		18D1265D25623C010042D7A4 /* LinearProgressBarView.swift in Sources */ = {isa = PBXBuildFile; fileRef = 18D1265C25623C010042D7A4 /* LinearProgressBarView.swift */; };
		18D12664256246940042D7A4 /* PowerStatsTableCell.swift in Sources */ = {isa = PBXBuildFile; fileRef = 18D12662256246940042D7A4 /* PowerStatsTableCell.swift */; };
		18D12665256246940042D7A4 /* PowerStatsTableCell.xib in Resources */ = {isa = PBXBuildFile; fileRef = 18D12663256246940042D7A4 /* PowerStatsTableCell.xib */; };
/* End PBXBuildFile section */

/* Begin PBXContainerItemProxy section */
		18C964DA255F79CD006D60F9 /* PBXContainerItemProxy */ = {
			isa = PBXContainerItemProxy;
			containerPortal = 18C964B8255F79C8006D60F9 /* Project object */;
			proxyType = 1;
			remoteGlobalIDString = 18C964BF255F79C8006D60F9;
			remoteInfo = Supremo;
		};
		18C964E5255F79CD006D60F9 /* PBXContainerItemProxy */ = {
			isa = PBXContainerItemProxy;
			containerPortal = 18C964B8255F79C8006D60F9 /* Project object */;
			proxyType = 1;
			remoteGlobalIDString = 18C964BF255F79C8006D60F9;
			remoteInfo = Supremo;
		};
/* End PBXContainerItemProxy section */

/* Begin PBXFileReference section */
		184BC8612561056E0097D6F5 /* XCTestCaseExtensions.swift */ = {isa = PBXFileReference; fileEncoding = 4; lastKnownFileType = sourcecode.swift; path = XCTestCaseExtensions.swift; sourceTree = "<group>"; };
		184BC869256109790097D6F5 /* SuperHeroSearchOutput.swift */ = {isa = PBXFileReference; lastKnownFileType = sourcecode.swift; path = SuperHeroSearchOutput.swift; sourceTree = "<group>"; };
		184BC87125610D750097D6F5 /* SearchMoviesOutput.json */ = {isa = PBXFileReference; lastKnownFileType = text.json; path = SearchMoviesOutput.json; sourceTree = "<group>"; };
		184BC87925610D9C0097D6F5 /* SuperHeroAPITests.swift */ = {isa = PBXFileReference; lastKnownFileType = sourcecode.swift; path = SuperHeroAPITests.swift; sourceTree = "<group>"; };
		184BC87E25610ECB0097D6F5 /* HomeScreenViewModel.swift */ = {isa = PBXFileReference; lastKnownFileType = sourcecode.swift; path = HomeScreenViewModel.swift; sourceTree = "<group>"; };
		184BC88325610F670097D6F5 /* SearchSuperHeroesErrorOutput.swift */ = {isa = PBXFileReference; lastKnownFileType = sourcecode.swift; path = SearchSuperHeroesErrorOutput.swift; sourceTree = "<group>"; };
		184BC888256110030097D6F5 /* HomeScreenActions.swift */ = {isa = PBXFileReference; lastKnownFileType = sourcecode.swift; path = HomeScreenActions.swift; sourceTree = "<group>"; };
		184BC892256115180097D6F5 /* SearchScreenViewModel.swift */ = {isa = PBXFileReference; lastKnownFileType = sourcecode.swift; path = SearchScreenViewModel.swift; sourceTree = "<group>"; };
		184BC897256115260097D6F5 /* SearchScreenActions.swift */ = {isa = PBXFileReference; lastKnownFileType = sourcecode.swift; path = SearchScreenActions.swift; sourceTree = "<group>"; };
		184BC8A3256118E20097D6F5 /* SearchListTableCell.swift */ = {isa = PBXFileReference; lastKnownFileType = sourcecode.swift; path = SearchListTableCell.swift; sourceTree = "<group>"; };
		184BC8A4256118E20097D6F5 /* SearchListTableCell.xib */ = {isa = PBXFileReference; lastKnownFileType = file.xib; path = SearchListTableCell.xib; sourceTree = "<group>"; };
		1862334A25612B4B001E7543 /* BasicDetailsTableCell.swift */ = {isa = PBXFileReference; lastKnownFileType = sourcecode.swift; path = BasicDetailsTableCell.swift; sourceTree = "<group>"; };
		1862334B25612B4B001E7543 /* BasicDetailsTableCell.xib */ = {isa = PBXFileReference; lastKnownFileType = file.xib; path = BasicDetailsTableCell.xib; sourceTree = "<group>"; };
		1862335225614ADF001E7543 /* CharacterDetailScreenController.swift */ = {isa = PBXFileReference; lastKnownFileType = sourcecode.swift; path = CharacterDetailScreenController.swift; sourceTree = "<group>"; };
		1862335325614ADF001E7543 /* CharacterDetailScreenController.xib */ = {isa = PBXFileReference; lastKnownFileType = file.xib; path = CharacterDetailScreenController.xib; sourceTree = "<group>"; };
		1862335A2561525B001E7543 /* CharacterDetailTableData.swift */ = {isa = PBXFileReference; lastKnownFileType = sourcecode.swift; path = CharacterDetailTableData.swift; sourceTree = "<group>"; };
		1872A754256163DC006B596C /* DualLabelTableCell.swift */ = {isa = PBXFileReference; lastKnownFileType = sourcecode.swift; path = DualLabelTableCell.swift; sourceTree = "<group>"; };
		1872A755256163DC006B596C /* DualLabelTableCell.xib */ = {isa = PBXFileReference; lastKnownFileType = file.xib; path = DualLabelTableCell.xib; sourceTree = "<group>"; };
		18C964C0255F79C8006D60F9 /* Supremo.app */ = {isa = PBXFileReference; explicitFileType = wrapper.application; includeInIndex = 0; path = Supremo.app; sourceTree = BUILT_PRODUCTS_DIR; };
		18C964C3255F79C8006D60F9 /* AppDelegate.swift */ = {isa = PBXFileReference; lastKnownFileType = sourcecode.swift; path = AppDelegate.swift; sourceTree = "<group>"; };
		18C964CD255F79C8006D60F9 /* Supremo.xcdatamodel */ = {isa = PBXFileReference; lastKnownFileType = wrapper.xcdatamodel; path = Supremo.xcdatamodel; sourceTree = "<group>"; };
		18C964CF255F79CC006D60F9 /* Assets.xcassets */ = {isa = PBXFileReference; lastKnownFileType = folder.assetcatalog; path = Assets.xcassets; sourceTree = "<group>"; };
		18C964D2255F79CC006D60F9 /* Base */ = {isa = PBXFileReference; lastKnownFileType = file.storyboard; name = Base; path = Base.lproj/LaunchScreen.storyboard; sourceTree = "<group>"; };
		18C964D4255F79CC006D60F9 /* Info.plist */ = {isa = PBXFileReference; lastKnownFileType = text.plist.xml; path = Info.plist; sourceTree = "<group>"; };
		18C964D9255F79CD006D60F9 /* SupremoTests.xctest */ = {isa = PBXFileReference; explicitFileType = wrapper.cfbundle; includeInIndex = 0; path = SupremoTests.xctest; sourceTree = BUILT_PRODUCTS_DIR; };
		18C964DD255F79CD006D60F9 /* SupremoTests.swift */ = {isa = PBXFileReference; lastKnownFileType = sourcecode.swift; path = SupremoTests.swift; sourceTree = "<group>"; };
		18C964DF255F79CD006D60F9 /* Info.plist */ = {isa = PBXFileReference; lastKnownFileType = text.plist.xml; path = Info.plist; sourceTree = "<group>"; };
		18C964E4255F79CD006D60F9 /* SupremoUITests.xctest */ = {isa = PBXFileReference; explicitFileType = wrapper.cfbundle; includeInIndex = 0; path = SupremoUITests.xctest; sourceTree = BUILT_PRODUCTS_DIR; };
		18C964E8255F79CD006D60F9 /* SupremoUITests.swift */ = {isa = PBXFileReference; lastKnownFileType = sourcecode.swift; path = SupremoUITests.swift; sourceTree = "<group>"; };
		18C964EA255F79CD006D60F9 /* Info.plist */ = {isa = PBXFileReference; lastKnownFileType = text.plist.xml; path = Info.plist; sourceTree = "<group>"; };
		18C9650F255F7D68006D60F9 /* MockURLSession.swift */ = {isa = PBXFileReference; fileEncoding = 4; lastKnownFileType = sourcecode.swift; path = MockURLSession.swift; sourceTree = "<group>"; };
		18C96510255F7D68006D60F9 /* URLSessionDataTaskProtocol.swift */ = {isa = PBXFileReference; fileEncoding = 4; lastKnownFileType = sourcecode.swift; path = URLSessionDataTaskProtocol.swift; sourceTree = "<group>"; };
		18C96512255F7D68006D60F9 /* Routable.swift */ = {isa = PBXFileReference; fileEncoding = 4; lastKnownFileType = sourcecode.swift; path = Routable.swift; sourceTree = "<group>"; };
		18C96513255F7D68006D60F9 /* APIRouter.swift */ = {isa = PBXFileReference; fileEncoding = 4; lastKnownFileType = sourcecode.swift; path = APIRouter.swift; sourceTree = "<group>"; };
		18C96514255F7D68006D60F9 /* HTTPMethod.swift */ = {isa = PBXFileReference; fileEncoding = 4; lastKnownFileType = sourcecode.swift; path = HTTPMethod.swift; sourceTree = "<group>"; };
		18C96515255F7D68006D60F9 /* RawJSONOverHTTP.swift */ = {isa = PBXFileReference; fileEncoding = 4; lastKnownFileType = sourcecode.swift; path = RawJSONOverHTTP.swift; sourceTree = "<group>"; };
		18C9652D255F7D75006D60F9 /* APIClient.swift */ = {isa = PBXFileReference; fileEncoding = 4; lastKnownFileType = sourcecode.swift; path = APIClient.swift; sourceTree = "<group>"; };
		18C9653B255F7F50006D60F9 /* GenericErrors.swift */ = {isa = PBXFileReference; fileEncoding = 4; lastKnownFileType = sourcecode.swift; path = GenericErrors.swift; sourceTree = "<group>"; };
		18C9653D255F7F50006D60F9 /* FontManagerUtility.swift */ = {isa = PBXFileReference; fileEncoding = 4; lastKnownFileType = sourcecode.swift; path = FontManagerUtility.swift; sourceTree = "<group>"; };
		18C9653F255F7F50006D60F9 /* CoreDataManager.swift */ = {isa = PBXFileReference; fileEncoding = 4; lastKnownFileType = sourcecode.swift; path = CoreDataManager.swift; sourceTree = "<group>"; };
		18C96541255F7F50006D60F9 /* SwiftyImageDownloader.swift */ = {isa = PBXFileReference; fileEncoding = 4; lastKnownFileType = sourcecode.swift; path = SwiftyImageDownloader.swift; sourceTree = "<group>"; };
		18C96543255F7F50006D60F9 /* RecentSearchManager.swift */ = {isa = PBXFileReference; fileEncoding = 4; lastKnownFileType = sourcecode.swift; path = RecentSearchManager.swift; sourceTree = "<group>"; };
		18C9654E255F7F8D006D60F9 /* StringExtensions.swift */ = {isa = PBXFileReference; fileEncoding = 4; lastKnownFileType = sourcecode.swift; path = StringExtensions.swift; sourceTree = "<group>"; };
		18C9654F255F7F8D006D60F9 /* UIViewControllerExtension.swift */ = {isa = PBXFileReference; fileEncoding = 4; lastKnownFileType = sourcecode.swift; path = UIViewControllerExtension.swift; sourceTree = "<group>"; };
		18C96550255F7F8D006D60F9 /* UITableViewExtension.swift */ = {isa = PBXFileReference; fileEncoding = 4; lastKnownFileType = sourcecode.swift; path = UITableViewExtension.swift; sourceTree = "<group>"; };
		18C96551255F7F8D006D60F9 /* UIViewExtension.swift */ = {isa = PBXFileReference; fileEncoding = 4; lastKnownFileType = sourcecode.swift; path = UIViewExtension.swift; sourceTree = "<group>"; };
		18C96553255F7F8D006D60F9 /* UIColorExtensions.swift */ = {isa = PBXFileReference; fileEncoding = 4; lastKnownFileType = sourcecode.swift; path = UIColorExtensions.swift; sourceTree = "<group>"; };
		18C96562255F80B4006D60F9 /* SuperHeroAPIService.swift */ = {isa = PBXFileReference; lastKnownFileType = sourcecode.swift; path = SuperHeroAPIService.swift; sourceTree = "<group>"; };
		18C9656B255F818E006D60F9 /* ThirdPartyConstants.swift */ = {isa = PBXFileReference; lastKnownFileType = sourcecode.swift; path = ThirdPartyConstants.swift; sourceTree = "<group>"; };
		18C9657C255F8337006D60F9 /* HomeScreenController.swift */ = {isa = PBXFileReference; lastKnownFileType = sourcecode.swift; path = HomeScreenController.swift; sourceTree = "<group>"; };
		18C9657D255F8337006D60F9 /* HomeScreenController.xib */ = {isa = PBXFileReference; lastKnownFileType = file.xib; path = HomeScreenController.xib; sourceTree = "<group>"; };
		18C9658E255FB29A006D60F9 /* RecentSearchListTableCell.swift */ = {isa = PBXFileReference; fileEncoding = 4; lastKnownFileType = sourcecode.swift; path = RecentSearchListTableCell.swift; sourceTree = "<group>"; };
		18C9658F255FB29A006D60F9 /* RecentSearchListTableCell.xib */ = {isa = PBXFileReference; fileEncoding = 4; lastKnownFileType = file.xib; path = RecentSearchListTableCell.xib; sourceTree = "<group>"; };
		18C965B6255FBD90006D60F9 /* Poppins-ExtraLight.ttf */ = {isa = PBXFileReference; lastKnownFileType = file; path = "Poppins-ExtraLight.ttf"; sourceTree = "<group>"; };
		18C965B7255FBD90006D60F9 /* Poppins-ThinItalic.ttf */ = {isa = PBXFileReference; lastKnownFileType = file; path = "Poppins-ThinItalic.ttf"; sourceTree = "<group>"; };
		18C965B8255FBD90006D60F9 /* Poppins-ExtraLightItalic.ttf */ = {isa = PBXFileReference; lastKnownFileType = file; path = "Poppins-ExtraLightItalic.ttf"; sourceTree = "<group>"; };
		18C965B9255FBD90006D60F9 /* Poppins-BoldItalic.ttf */ = {isa = PBXFileReference; lastKnownFileType = file; path = "Poppins-BoldItalic.ttf"; sourceTree = "<group>"; };
		18C965BA255FBD90006D60F9 /* Poppins-Light.ttf */ = {isa = PBXFileReference; lastKnownFileType = file; path = "Poppins-Light.ttf"; sourceTree = "<group>"; };
		18C965BB255FBD90006D60F9 /* Poppins-Medium.ttf */ = {isa = PBXFileReference; lastKnownFileType = file; path = "Poppins-Medium.ttf"; sourceTree = "<group>"; };
		18C965BC255FBD90006D60F9 /* Poppins-SemiBoldItalic.ttf */ = {isa = PBXFileReference; lastKnownFileType = file; path = "Poppins-SemiBoldItalic.ttf"; sourceTree = "<group>"; };
		18C965BD255FBD90006D60F9 /* Poppins-ExtraBoldItalic.ttf */ = {isa = PBXFileReference; lastKnownFileType = file; path = "Poppins-ExtraBoldItalic.ttf"; sourceTree = "<group>"; };
		18C965BE255FBD90006D60F9 /* Poppins-ExtraBold.ttf */ = {isa = PBXFileReference; lastKnownFileType = file; path = "Poppins-ExtraBold.ttf"; sourceTree = "<group>"; };
		18C965BF255FBD90006D60F9 /* Poppins-BlackItalic.ttf */ = {isa = PBXFileReference; lastKnownFileType = file; path = "Poppins-BlackItalic.ttf"; sourceTree = "<group>"; };
		18C965C0255FBD90006D60F9 /* OFL.txt */ = {isa = PBXFileReference; fileEncoding = 4; lastKnownFileType = text; path = OFL.txt; sourceTree = "<group>"; };
		18C965C1255FBD90006D60F9 /* Poppins-Regular.ttf */ = {isa = PBXFileReference; lastKnownFileType = file; path = "Poppins-Regular.ttf"; sourceTree = "<group>"; };
		18C965C2255FBD90006D60F9 /* Poppins-LightItalic.ttf */ = {isa = PBXFileReference; lastKnownFileType = file; path = "Poppins-LightItalic.ttf"; sourceTree = "<group>"; };
		18C965C3255FBD90006D60F9 /* Poppins-Bold.ttf */ = {isa = PBXFileReference; lastKnownFileType = file; path = "Poppins-Bold.ttf"; sourceTree = "<group>"; };
		18C965C4255FBD90006D60F9 /* Poppins-Black.ttf */ = {isa = PBXFileReference; lastKnownFileType = file; path = "Poppins-Black.ttf"; sourceTree = "<group>"; };
		18C965C5255FBD90006D60F9 /* Poppins-Thin.ttf */ = {isa = PBXFileReference; lastKnownFileType = file; path = "Poppins-Thin.ttf"; sourceTree = "<group>"; };
		18C965C6255FBD90006D60F9 /* Poppins-SemiBold.ttf */ = {isa = PBXFileReference; lastKnownFileType = file; path = "Poppins-SemiBold.ttf"; sourceTree = "<group>"; };
		18C965C7255FBD90006D60F9 /* Poppins-Italic.ttf */ = {isa = PBXFileReference; lastKnownFileType = file; path = "Poppins-Italic.ttf"; sourceTree = "<group>"; };
		18C965C8255FBD90006D60F9 /* Poppins-MediumItalic.ttf */ = {isa = PBXFileReference; lastKnownFileType = file; path = "Poppins-MediumItalic.ttf"; sourceTree = "<group>"; };
		18C965E0255FC107006D60F9 /* SearchScreenController.swift */ = {isa = PBXFileReference; lastKnownFileType = sourcecode.swift; path = SearchScreenController.swift; sourceTree = "<group>"; };
		18C965E1255FC107006D60F9 /* SearchScreenController.xib */ = {isa = PBXFileReference; lastKnownFileType = file.xib; path = SearchScreenController.xib; sourceTree = "<group>"; };
		18D1265C25623C010042D7A4 /* LinearProgressBarView.swift */ = {isa = PBXFileReference; lastKnownFileType = sourcecode.swift; path = LinearProgressBarView.swift; sourceTree = "<group>"; };
		18D12662256246940042D7A4 /* PowerStatsTableCell.swift */ = {isa = PBXFileReference; lastKnownFileType = sourcecode.swift; path = PowerStatsTableCell.swift; sourceTree = "<group>"; };
		18D12663256246940042D7A4 /* PowerStatsTableCell.xib */ = {isa = PBXFileReference; lastKnownFileType = file.xib; path = PowerStatsTableCell.xib; sourceTree = "<group>"; };
/* End PBXFileReference section */

/* Begin PBXFrameworksBuildPhase section */
		18C964BD255F79C8006D60F9 /* Frameworks */ = {
			isa = PBXFrameworksBuildPhase;
			buildActionMask = 2147483647;
			files = (
			);
			runOnlyForDeploymentPostprocessing = 0;
		};
		18C964D6255F79CD006D60F9 /* Frameworks */ = {
			isa = PBXFrameworksBuildPhase;
			buildActionMask = 2147483647;
			files = (
			);
			runOnlyForDeploymentPostprocessing = 0;
		};
		18C964E1255F79CD006D60F9 /* Frameworks */ = {
			isa = PBXFrameworksBuildPhase;
			buildActionMask = 2147483647;
			files = (
			);
			runOnlyForDeploymentPostprocessing = 0;
		};
/* End PBXFrameworksBuildPhase section */

/* Begin PBXGroup section */
		184BC8602561056E0097D6F5 /* Extension */ = {
			isa = PBXGroup;
			children = (
				184BC8612561056E0097D6F5 /* XCTestCaseExtensions.swift */,
			);
			path = Extension;
			sourceTree = "<group>";
		};
		184BC86E25610CA10097D6F5 /* APIs */ = {
			isa = PBXGroup;
			children = (
				184BC87025610D4C0097D6F5 /* Responses */,
				184BC86F25610D410097D6F5 /* SuperHeroAPITests */,
			);
			path = APIs;
			sourceTree = "<group>";
		};
		184BC86F25610D410097D6F5 /* SuperHeroAPITests */ = {
			isa = PBXGroup;
			children = (
				184BC87925610D9C0097D6F5 /* SuperHeroAPITests.swift */,
			);
			path = SuperHeroAPITests;
			sourceTree = "<group>";
		};
		184BC87025610D4C0097D6F5 /* Responses */ = {
			isa = PBXGroup;
			children = (
				184BC87125610D750097D6F5 /* SearchMoviesOutput.json */,
			);
			path = Responses;
			sourceTree = "<group>";
		};
		184BC88D2561122B0097D6F5 /* View Model */ = {
			isa = PBXGroup;
			children = (
				184BC892256115180097D6F5 /* SearchScreenViewModel.swift */,
			);
			path = "View Model";
			sourceTree = "<group>";
		};
		184BC88E256112310097D6F5 /* Data */ = {
			isa = PBXGroup;
			children = (
				184BC897256115260097D6F5 /* SearchScreenActions.swift */,
			);
			path = Data;
			sourceTree = "<group>";
		};
		184BC8A2256118880097D6F5 /* Search List Table Cell */ = {
			isa = PBXGroup;
			children = (
				184BC8A3256118E20097D6F5 /* SearchListTableCell.swift */,
				184BC8A4256118E20097D6F5 /* SearchListTableCell.xib */,
			);
			path = "Search List Table Cell";
			sourceTree = "<group>";
		};
		1862334925612B2B001E7543 /* Basic Details Table Cell */ = {
			isa = PBXGroup;
			children = (
				1862334A25612B4B001E7543 /* BasicDetailsTableCell.swift */,
				1862334B25612B4B001E7543 /* BasicDetailsTableCell.xib */,
			);
			path = "Basic Details Table Cell";
			sourceTree = "<group>";
		};
		1862335125614AB1001E7543 /* Controller */ = {
			isa = PBXGroup;
			children = (
				1862335225614ADF001E7543 /* CharacterDetailScreenController.swift */,
				1862335325614ADF001E7543 /* CharacterDetailScreenController.xib */,
			);
			path = Controller;
			sourceTree = "<group>";
		};
		1862335925615244001E7543 /* Data */ = {
			isa = PBXGroup;
			children = (
				1862335A2561525B001E7543 /* CharacterDetailTableData.swift */,
			);
			path = Data;
			sourceTree = "<group>";
		};
		1872A753256163A9006B596C /* Dual Label Table Cell */ = {
			isa = PBXGroup;
			children = (
				1872A754256163DC006B596C /* DualLabelTableCell.swift */,
				1872A755256163DC006B596C /* DualLabelTableCell.xib */,
			);
			path = "Dual Label Table Cell";
			sourceTree = "<group>";
		};
		18C964B7255F79C8006D60F9 = {
			isa = PBXGroup;
			children = (
				18C964C2255F79C8006D60F9 /* Supremo */,
				18C964DC255F79CD006D60F9 /* SupremoTests */,
				18C964E7255F79CD006D60F9 /* SupremoUITests */,
				18C964C1255F79C8006D60F9 /* Products */,
			);
			sourceTree = "<group>";
		};
		18C964C1255F79C8006D60F9 /* Products */ = {
			isa = PBXGroup;
			children = (
				18C964C0255F79C8006D60F9 /* Supremo.app */,
				18C964D9255F79CD006D60F9 /* SupremoTests.xctest */,
				18C964E4255F79CD006D60F9 /* SupremoUITests.xctest */,
			);
			name = Products;
			sourceTree = "<group>";
		};
		18C964C2255F79C8006D60F9 /* Supremo */ = {
			isa = PBXGroup;
			children = (
				18C964C3255F79C8006D60F9 /* AppDelegate.swift */,
				18C965B3255FBD8F006D60F9 /* Resources */,
				18C9654C255F7F8D006D60F9 /* Extensions */,
				18C96539255F7F50006D60F9 /* Components */,
				18C9650C255F7D29006D60F9 /* Constants */,
				18C9650B255F7D1D006D60F9 /* Network */,
				18C9650A255F7D16006D60F9 /* Views */,
				18C96509255F7D0C006D60F9 /* Modules */,
				18C96506255F7CE5006D60F9 /* Core Data */,
				18C96505255F7CD5006D60F9 /* Supporting Files */,
				18C964D4255F79CC006D60F9 /* Info.plist */,
			);
			path = Supremo;
			sourceTree = "<group>";
		};
		18C964DC255F79CD006D60F9 /* SupremoTests */ = {
			isa = PBXGroup;
			children = (
				184BC86E25610CA10097D6F5 /* APIs */,
				18C964DD255F79CD006D60F9 /* SupremoTests.swift */,
				18C964DF255F79CD006D60F9 /* Info.plist */,
			);
			path = SupremoTests;
			sourceTree = "<group>";
		};
		18C964E7255F79CD006D60F9 /* SupremoUITests */ = {
			isa = PBXGroup;
			children = (
				184BC8602561056E0097D6F5 /* Extension */,
				18C964E8255F79CD006D60F9 /* SupremoUITests.swift */,
				18C964EA255F79CD006D60F9 /* Info.plist */,
			);
			path = SupremoUITests;
			sourceTree = "<group>";
		};
		18C96505255F7CD5006D60F9 /* Supporting Files */ = {
			isa = PBXGroup;
			children = (
				18C964CF255F79CC006D60F9 /* Assets.xcassets */,
				18C964D1255F79CC006D60F9 /* LaunchScreen.storyboard */,
			);
			path = "Supporting Files";
			sourceTree = "<group>";
		};
		18C96506255F7CE5006D60F9 /* Core Data */ = {
			isa = PBXGroup;
			children = (
				18C96508255F7CF7006D60F9 /* Model */,
				18C96507255F7CF0006D60F9 /* Manager */,
			);
			path = "Core Data";
			sourceTree = "<group>";
		};
		18C96507255F7CF0006D60F9 /* Manager */ = {
			isa = PBXGroup;
			children = (
			);
			path = Manager;
			sourceTree = "<group>";
		};
		18C96508255F7CF7006D60F9 /* Model */ = {
			isa = PBXGroup;
			children = (
				18C964CC255F79C8006D60F9 /* Supremo.xcdatamodeld */,
			);
			path = Model;
			sourceTree = "<group>";
		};
		18C96509255F7D0C006D60F9 /* Modules */ = {
			isa = PBXGroup;
			children = (
				18C96560255F7FF9006D60F9 /* Character Detail Screen */,
				18C9655F255F7FF0006D60F9 /* Search Screen */,
				18C9655E255F7FE9006D60F9 /* Home Screen */,
			);
			path = Modules;
			sourceTree = "<group>";
		};
		18C9650A255F7D16006D60F9 /* Views */ = {
			isa = PBXGroup;
			children = (
				18D1265A25623BD70042D7A4 /* Custom Views */,
				18C96589255FB29A006D60F9 /* Table Cells */,
			);
			path = Views;
			sourceTree = "<group>";
		};
		18C9650B255F7D1D006D60F9 /* Network */ = {
			isa = PBXGroup;
			children = (
				18C96516255F7D68006D60F9 /* Codables */,
				18C9652B255F7D75006D60F9 /* API Service */,
				18C9650E255F7D68006D60F9 /* API Mock Classes */,
				18C96511255F7D68006D60F9 /* API Structure */,
			);
			path = Network;
			sourceTree = "<group>";
		};
		18C9650C255F7D29006D60F9 /* Constants */ = {
			isa = PBXGroup;
			children = (
				18C9656B255F818E006D60F9 /* ThirdPartyConstants.swift */,
			);
			path = Constants;
			sourceTree = "<group>";
		};
		18C9650E255F7D68006D60F9 /* API Mock Classes */ = {
			isa = PBXGroup;
			children = (
				18C9650F255F7D68006D60F9 /* MockURLSession.swift */,
				18C96510255F7D68006D60F9 /* URLSessionDataTaskProtocol.swift */,
			);
			path = "API Mock Classes";
			sourceTree = "<group>";
		};
		18C96511255F7D68006D60F9 /* API Structure */ = {
			isa = PBXGroup;
			children = (
				18C96512255F7D68006D60F9 /* Routable.swift */,
				18C96513255F7D68006D60F9 /* APIRouter.swift */,
				18C96514255F7D68006D60F9 /* HTTPMethod.swift */,
				18C96515255F7D68006D60F9 /* RawJSONOverHTTP.swift */,
			);
			path = "API Structure";
			sourceTree = "<group>";
		};
		18C96516255F7D68006D60F9 /* Codables */ = {
			isa = PBXGroup;
			children = (
				18C96517255F7D68006D60F9 /* Outputs */,
			);
			path = Codables;
			sourceTree = "<group>";
		};
		18C96517255F7D68006D60F9 /* Outputs */ = {
			isa = PBXGroup;
			children = (
				184BC869256109790097D6F5 /* SuperHeroSearchOutput.swift */,
				184BC88325610F670097D6F5 /* SearchSuperHeroesErrorOutput.swift */,
			);
			path = Outputs;
			sourceTree = "<group>";
		};
		18C9652B255F7D75006D60F9 /* API Service */ = {
			isa = PBXGroup;
			children = (
				18C9652D255F7D75006D60F9 /* APIClient.swift */,
				18C96562255F80B4006D60F9 /* SuperHeroAPIService.swift */,
			);
			path = "API Service";
			sourceTree = "<group>";
		};
		18C96539255F7F50006D60F9 /* Components */ = {
			isa = PBXGroup;
			children = (
				18C9653A255F7F50006D60F9 /* Error Cases */,
				18C9653C255F7F50006D60F9 /* FontManager */,
				18C9653E255F7F50006D60F9 /* Core Data Manager */,
				18C96540255F7F50006D60F9 /* ImageDownloader */,
				18C96542255F7F50006D60F9 /* Recent Search Manager */,
			);
			path = Components;
			sourceTree = "<group>";
		};
		18C9653A255F7F50006D60F9 /* Error Cases */ = {
			isa = PBXGroup;
			children = (
				18C9653B255F7F50006D60F9 /* GenericErrors.swift */,
			);
			path = "Error Cases";
			sourceTree = "<group>";
		};
		18C9653C255F7F50006D60F9 /* FontManager */ = {
			isa = PBXGroup;
			children = (
				18C9653D255F7F50006D60F9 /* FontManagerUtility.swift */,
			);
			path = FontManager;
			sourceTree = "<group>";
		};
		18C9653E255F7F50006D60F9 /* Core Data Manager */ = {
			isa = PBXGroup;
			children = (
				18C9653F255F7F50006D60F9 /* CoreDataManager.swift */,
			);
			path = "Core Data Manager";
			sourceTree = "<group>";
		};
		18C96540255F7F50006D60F9 /* ImageDownloader */ = {
			isa = PBXGroup;
			children = (
				18C96541255F7F50006D60F9 /* SwiftyImageDownloader.swift */,
			);
			path = ImageDownloader;
			sourceTree = "<group>";
		};
		18C96542255F7F50006D60F9 /* Recent Search Manager */ = {
			isa = PBXGroup;
			children = (
				18C96543255F7F50006D60F9 /* RecentSearchManager.swift */,
			);
			path = "Recent Search Manager";
			sourceTree = "<group>";
		};
		18C9654C255F7F8D006D60F9 /* Extensions */ = {
			isa = PBXGroup;
			children = (
				18C9654E255F7F8D006D60F9 /* StringExtensions.swift */,
				18C9654F255F7F8D006D60F9 /* UIViewControllerExtension.swift */,
				18C96550255F7F8D006D60F9 /* UITableViewExtension.swift */,
				18C96551255F7F8D006D60F9 /* UIViewExtension.swift */,
				18C96553255F7F8D006D60F9 /* UIColorExtensions.swift */,
			);
			path = Extensions;
			sourceTree = "<group>";
		};
		18C9655E255F7FE9006D60F9 /* Home Screen */ = {
			isa = PBXGroup;
			children = (
				18C9657B255F831A006D60F9 /* Data */,
				18C9657A255F8314006D60F9 /* View Model */,
				18C96579255F830D006D60F9 /* Controller */,
			);
			path = "Home Screen";
			sourceTree = "<group>";
		};
		18C9655F255F7FF0006D60F9 /* Search Screen */ = {
			isa = PBXGroup;
			children = (
				184BC88E256112310097D6F5 /* Data */,
				184BC88D2561122B0097D6F5 /* View Model */,
				18C965DF255FC0E6006D60F9 /* Controller */,
			);
			path = "Search Screen";
			sourceTree = "<group>";
		};
		18C96560255F7FF9006D60F9 /* Character Detail Screen */ = {
			isa = PBXGroup;
			children = (
				1862335925615244001E7543 /* Data */,
				1862335125614AB1001E7543 /* Controller */,
			);
			path = "Character Detail Screen";
			sourceTree = "<group>";
		};
		18C96579255F830D006D60F9 /* Controller */ = {
			isa = PBXGroup;
			children = (
				18C9657C255F8337006D60F9 /* HomeScreenController.swift */,
				18C9657D255F8337006D60F9 /* HomeScreenController.xib */,
			);
			path = Controller;
			sourceTree = "<group>";
		};
		18C9657A255F8314006D60F9 /* View Model */ = {
			isa = PBXGroup;
			children = (
				184BC87E25610ECB0097D6F5 /* HomeScreenViewModel.swift */,
			);
			path = "View Model";
			sourceTree = "<group>";
		};
		18C9657B255F831A006D60F9 /* Data */ = {
			isa = PBXGroup;
			children = (
				184BC888256110030097D6F5 /* HomeScreenActions.swift */,
			);
			path = Data;
			sourceTree = "<group>";
		};
		18C96589255FB29A006D60F9 /* Table Cells */ = {
			isa = PBXGroup;
			children = (
				18D12661256246720042D7A4 /* Power Stats Table Cell */,
				1872A753256163A9006B596C /* Dual Label Table Cell */,
				1862334925612B2B001E7543 /* Basic Details Table Cell */,
				184BC8A2256118880097D6F5 /* Search List Table Cell */,
				18C9658D255FB29A006D60F9 /* Recent Search List Table Cell */,
			);
			path = "Table Cells";
			sourceTree = "<group>";
		};
		18C9658D255FB29A006D60F9 /* Recent Search List Table Cell */ = {
			isa = PBXGroup;
			children = (
				18C9658E255FB29A006D60F9 /* RecentSearchListTableCell.swift */,
				18C9658F255FB29A006D60F9 /* RecentSearchListTableCell.xib */,
			);
			path = "Recent Search List Table Cell";
			sourceTree = "<group>";
		};
		18C965B3255FBD8F006D60F9 /* Resources */ = {
			isa = PBXGroup;
			children = (
				18C965B4255FBD8F006D60F9 /* Fonts */,
			);
			path = Resources;
			sourceTree = "<group>";
		};
		18C965B4255FBD8F006D60F9 /* Fonts */ = {
			isa = PBXGroup;
			children = (
				18C965B5255FBD90006D60F9 /* Poppins */,
			);
			path = Fonts;
			sourceTree = "<group>";
		};
		18C965B5255FBD90006D60F9 /* Poppins */ = {
			isa = PBXGroup;
			children = (
				18C965B6255FBD90006D60F9 /* Poppins-ExtraLight.ttf */,
				18C965B7255FBD90006D60F9 /* Poppins-ThinItalic.ttf */,
				18C965B8255FBD90006D60F9 /* Poppins-ExtraLightItalic.ttf */,
				18C965B9255FBD90006D60F9 /* Poppins-BoldItalic.ttf */,
				18C965BA255FBD90006D60F9 /* Poppins-Light.ttf */,
				18C965BB255FBD90006D60F9 /* Poppins-Medium.ttf */,
				18C965BC255FBD90006D60F9 /* Poppins-SemiBoldItalic.ttf */,
				18C965BD255FBD90006D60F9 /* Poppins-ExtraBoldItalic.ttf */,
				18C965BE255FBD90006D60F9 /* Poppins-ExtraBold.ttf */,
				18C965BF255FBD90006D60F9 /* Poppins-BlackItalic.ttf */,
				18C965C0255FBD90006D60F9 /* OFL.txt */,
				18C965C1255FBD90006D60F9 /* Poppins-Regular.ttf */,
				18C965C2255FBD90006D60F9 /* Poppins-LightItalic.ttf */,
				18C965C3255FBD90006D60F9 /* Poppins-Bold.ttf */,
				18C965C4255FBD90006D60F9 /* Poppins-Black.ttf */,
				18C965C5255FBD90006D60F9 /* Poppins-Thin.ttf */,
				18C965C6255FBD90006D60F9 /* Poppins-SemiBold.ttf */,
				18C965C7255FBD90006D60F9 /* Poppins-Italic.ttf */,
				18C965C8255FBD90006D60F9 /* Poppins-MediumItalic.ttf */,
			);
			path = Poppins;
			sourceTree = "<group>";
		};
		18C965DF255FC0E6006D60F9 /* Controller */ = {
			isa = PBXGroup;
			children = (
				18C965E0255FC107006D60F9 /* SearchScreenController.swift */,
				18C965E1255FC107006D60F9 /* SearchScreenController.xib */,
			);
			path = Controller;
			sourceTree = "<group>";
		};
		18D1265A25623BD70042D7A4 /* Custom Views */ = {
			isa = PBXGroup;
			children = (
				18D1265B25623BE10042D7A4 /* Linear Progress Bar */,
			);
			path = "Custom Views";
			sourceTree = "<group>";
		};
		18D1265B25623BE10042D7A4 /* Linear Progress Bar */ = {
			isa = PBXGroup;
			children = (
				18D1265C25623C010042D7A4 /* LinearProgressBarView.swift */,
			);
			path = "Linear Progress Bar";
			sourceTree = "<group>";
		};
		18D12661256246720042D7A4 /* Power Stats Table Cell */ = {
			isa = PBXGroup;
			children = (
				18D12662256246940042D7A4 /* PowerStatsTableCell.swift */,
				18D12663256246940042D7A4 /* PowerStatsTableCell.xib */,
			);
			path = "Power Stats Table Cell";
			sourceTree = "<group>";
		};
/* End PBXGroup section */

/* Begin PBXNativeTarget section */
		18C964BF255F79C8006D60F9 /* Supremo */ = {
			isa = PBXNativeTarget;
			buildConfigurationList = 18C964ED255F79CD006D60F9 /* Build configuration list for PBXNativeTarget "Supremo" */;
			buildPhases = (
				18C964BC255F79C8006D60F9 /* Sources */,
				18C964BD255F79C8006D60F9 /* Frameworks */,
				18C964BE255F79C8006D60F9 /* Resources */,
			);
			buildRules = (
			);
			dependencies = (
			);
			name = Supremo;
			productName = Supremo;
			productReference = 18C964C0255F79C8006D60F9 /* Supremo.app */;
			productType = "com.apple.product-type.application";
		};
		18C964D8255F79CD006D60F9 /* SupremoTests */ = {
			isa = PBXNativeTarget;
			buildConfigurationList = 18C964F0255F79CD006D60F9 /* Build configuration list for PBXNativeTarget "SupremoTests" */;
			buildPhases = (
				18C964D5255F79CD006D60F9 /* Sources */,
				18C964D6255F79CD006D60F9 /* Frameworks */,
				18C964D7255F79CD006D60F9 /* Resources */,
			);
			buildRules = (
			);
			dependencies = (
				18C964DB255F79CD006D60F9 /* PBXTargetDependency */,
			);
			name = SupremoTests;
			productName = SupremoTests;
			productReference = 18C964D9255F79CD006D60F9 /* SupremoTests.xctest */;
			productType = "com.apple.product-type.bundle.unit-test";
		};
		18C964E3255F79CD006D60F9 /* SupremoUITests */ = {
			isa = PBXNativeTarget;
			buildConfigurationList = 18C964F3255F79CD006D60F9 /* Build configuration list for PBXNativeTarget "SupremoUITests" */;
			buildPhases = (
				18C964E0255F79CD006D60F9 /* Sources */,
				18C964E1255F79CD006D60F9 /* Frameworks */,
				18C964E2255F79CD006D60F9 /* Resources */,
			);
			buildRules = (
			);
			dependencies = (
				18C964E6255F79CD006D60F9 /* PBXTargetDependency */,
			);
			name = SupremoUITests;
			productName = SupremoUITests;
			productReference = 18C964E4255F79CD006D60F9 /* SupremoUITests.xctest */;
			productType = "com.apple.product-type.bundle.ui-testing";
		};
/* End PBXNativeTarget section */

/* Begin PBXProject section */
		18C964B8255F79C8006D60F9 /* Project object */ = {
			isa = PBXProject;
			attributes = {
				LastSwiftUpdateCheck = 1200;
				LastUpgradeCheck = 1200;
				TargetAttributes = {
					18C964BF255F79C8006D60F9 = {
						CreatedOnToolsVersion = 12.0.1;
					};
					18C964D8255F79CD006D60F9 = {
						CreatedOnToolsVersion = 12.0.1;
						TestTargetID = 18C964BF255F79C8006D60F9;
					};
					18C964E3255F79CD006D60F9 = {
						CreatedOnToolsVersion = 12.0.1;
						TestTargetID = 18C964BF255F79C8006D60F9;
					};
				};
			};
			buildConfigurationList = 18C964BB255F79C8006D60F9 /* Build configuration list for PBXProject "Supremo" */;
			compatibilityVersion = "Xcode 9.3";
			developmentRegion = en;
			hasScannedForEncodings = 0;
			knownRegions = (
				en,
				Base,
			);
			mainGroup = 18C964B7255F79C8006D60F9;
			productRefGroup = 18C964C1255F79C8006D60F9 /* Products */;
			projectDirPath = "";
			projectRoot = "";
			targets = (
				18C964BF255F79C8006D60F9 /* Supremo */,
				18C964D8255F79CD006D60F9 /* SupremoTests */,
				18C964E3255F79CD006D60F9 /* SupremoUITests */,
			);
		};
/* End PBXProject section */

/* Begin PBXResourcesBuildPhase section */
		18C964BE255F79C8006D60F9 /* Resources */ = {
			isa = PBXResourcesBuildPhase;
			buildActionMask = 2147483647;
			files = (
				18D12665256246940042D7A4 /* PowerStatsTableCell.xib in Resources */,
				18C965D5255FBD90006D60F9 /* Poppins-LightItalic.ttf in Resources */,
				18C965D6255FBD90006D60F9 /* Poppins-Bold.ttf in Resources */,
				18C965D3255FBD90006D60F9 /* OFL.txt in Resources */,
				18C965D0255FBD90006D60F9 /* Poppins-ExtraBoldItalic.ttf in Resources */,
				18C965CF255FBD90006D60F9 /* Poppins-SemiBoldItalic.ttf in Resources */,
				18C965D7255FBD90006D60F9 /* Poppins-Black.ttf in Resources */,
				18C965C9255FBD90006D60F9 /* Poppins-ExtraLight.ttf in Resources */,
				18C965CD255FBD90006D60F9 /* Poppins-Light.ttf in Resources */,
				184BC8A6256118E20097D6F5 /* SearchListTableCell.xib in Resources */,
				1872A757256163DC006B596C /* DualLabelTableCell.xib in Resources */,
				18C965CB255FBD90006D60F9 /* Poppins-ExtraLightItalic.ttf in Resources */,
				18C965D8255FBD90006D60F9 /* Poppins-Thin.ttf in Resources */,
				18C9657F255F8337006D60F9 /* HomeScreenController.xib in Resources */,
				18C965D4255FBD90006D60F9 /* Poppins-Regular.ttf in Resources */,
				18C964D3255F79CC006D60F9 /* LaunchScreen.storyboard in Resources */,
				18C965CA255FBD90006D60F9 /* Poppins-ThinItalic.ttf in Resources */,
				18C965D2255FBD90006D60F9 /* Poppins-BlackItalic.ttf in Resources */,
				1862335525614ADF001E7543 /* CharacterDetailScreenController.xib in Resources */,
				18C965D9255FBD90006D60F9 /* Poppins-SemiBold.ttf in Resources */,
				18C964D0255F79CC006D60F9 /* Assets.xcassets in Resources */,
				1862334D25612B4B001E7543 /* BasicDetailsTableCell.xib in Resources */,
				18C965A2255FB29A006D60F9 /* RecentSearchListTableCell.xib in Resources */,
				18C965DA255FBD90006D60F9 /* Poppins-Italic.ttf in Resources */,
				18C965CC255FBD90006D60F9 /* Poppins-BoldItalic.ttf in Resources */,
				18C965CE255FBD90006D60F9 /* Poppins-Medium.ttf in Resources */,
				18C965E3255FC107006D60F9 /* SearchScreenController.xib in Resources */,
				18C965DB255FBD90006D60F9 /* Poppins-MediumItalic.ttf in Resources */,
				18C965D1255FBD90006D60F9 /* Poppins-ExtraBold.ttf in Resources */,
			);
			runOnlyForDeploymentPostprocessing = 0;
		};
		18C964D7255F79CD006D60F9 /* Resources */ = {
			isa = PBXResourcesBuildPhase;
			buildActionMask = 2147483647;
			files = (
				184BC87225610D750097D6F5 /* SearchMoviesOutput.json in Resources */,
			);
			runOnlyForDeploymentPostprocessing = 0;
		};
		18C964E2255F79CD006D60F9 /* Resources */ = {
			isa = PBXResourcesBuildPhase;
			buildActionMask = 2147483647;
			files = (
			);
			runOnlyForDeploymentPostprocessing = 0;
		};
/* End PBXResourcesBuildPhase section */

/* Begin PBXSourcesBuildPhase section */
		18C964BC255F79C8006D60F9 /* Sources */ = {
			isa = PBXSourcesBuildPhase;
			buildActionMask = 2147483647;
			files = (
				18C96548255F7F50006D60F9 /* RecentSearchManager.swift in Sources */,
				1862335B2561525B001E7543 /* CharacterDetailTableData.swift in Sources */,
				18C965E2255FC107006D60F9 /* SearchScreenController.swift in Sources */,
				18C96522255F7D68006D60F9 /* RawJSONOverHTTP.swift in Sources */,
				184BC8A5256118E20097D6F5 /* SearchListTableCell.swift in Sources */,
				18C9651D255F7D68006D60F9 /* MockURLSession.swift in Sources */,
				18C965A1255FB29A006D60F9 /* RecentSearchListTableCell.swift in Sources */,
				1862334C25612B4B001E7543 /* BasicDetailsTableCell.swift in Sources */,
				184BC898256115260097D6F5 /* SearchScreenActions.swift in Sources */,
				184BC86A256109790097D6F5 /* SuperHeroSearchOutput.swift in Sources */,
				18D1265D25623C010042D7A4 /* LinearProgressBarView.swift in Sources */,
				18C96520255F7D68006D60F9 /* APIRouter.swift in Sources */,
				18C96556255F7F8D006D60F9 /* UIViewControllerExtension.swift in Sources */,
				18C96521255F7D68006D60F9 /* HTTPMethod.swift in Sources */,
				184BC87F25610ECB0097D6F5 /* HomeScreenViewModel.swift in Sources */,
				184BC88425610F670097D6F5 /* SearchSuperHeroesErrorOutput.swift in Sources */,
				18C96545255F7F50006D60F9 /* FontManagerUtility.swift in Sources */,
				18C96563255F80B4006D60F9 /* SuperHeroAPIService.swift in Sources */,
				18C964C4255F79C8006D60F9 /* AppDelegate.swift in Sources */,
				18C96546255F7F50006D60F9 /* CoreDataManager.swift in Sources */,
				18C96555255F7F8D006D60F9 /* StringExtensions.swift in Sources */,
				18C9652F255F7D75006D60F9 /* APIClient.swift in Sources */,
				18C96544255F7F50006D60F9 /* GenericErrors.swift in Sources */,
				184BC893256115180097D6F5 /* SearchScreenViewModel.swift in Sources */,
				18C9656C255F818E006D60F9 /* ThirdPartyConstants.swift in Sources */,
				18C96558255F7F8D006D60F9 /* UIViewExtension.swift in Sources */,
				184BC889256110030097D6F5 /* HomeScreenActions.swift in Sources */,
				1872A756256163DC006B596C /* DualLabelTableCell.swift in Sources */,
				18C9655A255F7F8D006D60F9 /* UIColorExtensions.swift in Sources */,
				18C9651E255F7D68006D60F9 /* URLSessionDataTaskProtocol.swift in Sources */,
				18C96547255F7F50006D60F9 /* SwiftyImageDownloader.swift in Sources */,
				18C96557255F7F8D006D60F9 /* UITableViewExtension.swift in Sources */,
				18C964CE255F79C8006D60F9 /* Supremo.xcdatamodeld in Sources */,
				18C9657E255F8337006D60F9 /* HomeScreenController.swift in Sources */,
				1862335425614ADF001E7543 /* CharacterDetailScreenController.swift in Sources */,
				18D12664256246940042D7A4 /* PowerStatsTableCell.swift in Sources */,
				18C9651F255F7D68006D60F9 /* Routable.swift in Sources */,
			);
			runOnlyForDeploymentPostprocessing = 0;
		};
		18C964D5255F79CD006D60F9 /* Sources */ = {
			isa = PBXSourcesBuildPhase;
			buildActionMask = 2147483647;
			files = (
				184BC87A25610D9C0097D6F5 /* SuperHeroAPITests.swift in Sources */,
				18C964DE255F79CD006D60F9 /* SupremoTests.swift in Sources */,
			);
			runOnlyForDeploymentPostprocessing = 0;
		};
		18C964E0255F79CD006D60F9 /* Sources */ = {
			isa = PBXSourcesBuildPhase;
			buildActionMask = 2147483647;
			files = (
				184BC8622561056E0097D6F5 /* XCTestCaseExtensions.swift in Sources */,
				18C964E9255F79CD006D60F9 /* SupremoUITests.swift in Sources */,
			);
			runOnlyForDeploymentPostprocessing = 0;
		};
/* End PBXSourcesBuildPhase section */

/* Begin PBXTargetDependency section */
		18C964DB255F79CD006D60F9 /* PBXTargetDependency */ = {
			isa = PBXTargetDependency;
			target = 18C964BF255F79C8006D60F9 /* Supremo */;
			targetProxy = 18C964DA255F79CD006D60F9 /* PBXContainerItemProxy */;
		};
		18C964E6255F79CD006D60F9 /* PBXTargetDependency */ = {
			isa = PBXTargetDependency;
			target = 18C964BF255F79C8006D60F9 /* Supremo */;
			targetProxy = 18C964E5255F79CD006D60F9 /* PBXContainerItemProxy */;
		};
/* End PBXTargetDependency section */

/* Begin PBXVariantGroup section */
		18C964D1255F79CC006D60F9 /* LaunchScreen.storyboard */ = {
			isa = PBXVariantGroup;
			children = (
				18C964D2255F79CC006D60F9 /* Base */,
			);
			name = LaunchScreen.storyboard;
			sourceTree = "<group>";
		};
/* End PBXVariantGroup section */

/* Begin XCBuildConfiguration section */
		18C964EB255F79CD006D60F9 /* Debug */ = {
			isa = XCBuildConfiguration;
			buildSettings = {
				ALWAYS_SEARCH_USER_PATHS = NO;
				CLANG_ANALYZER_NONNULL = YES;
				CLANG_ANALYZER_NUMBER_OBJECT_CONVERSION = YES_AGGRESSIVE;
				CLANG_CXX_LANGUAGE_STANDARD = "gnu++14";
				CLANG_CXX_LIBRARY = "libc++";
				CLANG_ENABLE_MODULES = YES;
				CLANG_ENABLE_OBJC_ARC = YES;
				CLANG_ENABLE_OBJC_WEAK = YES;
				CLANG_WARN_BLOCK_CAPTURE_AUTORELEASING = YES;
				CLANG_WARN_BOOL_CONVERSION = YES;
				CLANG_WARN_COMMA = YES;
				CLANG_WARN_CONSTANT_CONVERSION = YES;
				CLANG_WARN_DEPRECATED_OBJC_IMPLEMENTATIONS = YES;
				CLANG_WARN_DIRECT_OBJC_ISA_USAGE = YES_ERROR;
				CLANG_WARN_DOCUMENTATION_COMMENTS = YES;
				CLANG_WARN_EMPTY_BODY = YES;
				CLANG_WARN_ENUM_CONVERSION = YES;
				CLANG_WARN_INFINITE_RECURSION = YES;
				CLANG_WARN_INT_CONVERSION = YES;
				CLANG_WARN_NON_LITERAL_NULL_CONVERSION = YES;
				CLANG_WARN_OBJC_IMPLICIT_RETAIN_SELF = YES;
				CLANG_WARN_OBJC_LITERAL_CONVERSION = YES;
				CLANG_WARN_OBJC_ROOT_CLASS = YES_ERROR;
				CLANG_WARN_QUOTED_INCLUDE_IN_FRAMEWORK_HEADER = YES;
				CLANG_WARN_RANGE_LOOP_ANALYSIS = YES;
				CLANG_WARN_STRICT_PROTOTYPES = YES;
				CLANG_WARN_SUSPICIOUS_MOVE = YES;
				CLANG_WARN_UNGUARDED_AVAILABILITY = YES_AGGRESSIVE;
				CLANG_WARN_UNREACHABLE_CODE = YES;
				CLANG_WARN__DUPLICATE_METHOD_MATCH = YES;
				COPY_PHASE_STRIP = NO;
				DEBUG_INFORMATION_FORMAT = dwarf;
				ENABLE_STRICT_OBJC_MSGSEND = YES;
				ENABLE_TESTABILITY = YES;
				GCC_C_LANGUAGE_STANDARD = gnu11;
				GCC_DYNAMIC_NO_PIC = NO;
				GCC_NO_COMMON_BLOCKS = YES;
				GCC_OPTIMIZATION_LEVEL = 0;
				GCC_PREPROCESSOR_DEFINITIONS = (
					"DEBUG=1",
					"$(inherited)",
				);
				GCC_WARN_64_TO_32_BIT_CONVERSION = YES;
				GCC_WARN_ABOUT_RETURN_TYPE = YES_ERROR;
				GCC_WARN_UNDECLARED_SELECTOR = YES;
				GCC_WARN_UNINITIALIZED_AUTOS = YES_AGGRESSIVE;
				GCC_WARN_UNUSED_FUNCTION = YES;
				GCC_WARN_UNUSED_VARIABLE = YES;
				IPHONEOS_DEPLOYMENT_TARGET = 14.0;
				MTL_ENABLE_DEBUG_INFO = INCLUDE_SOURCE;
				MTL_FAST_MATH = YES;
				ONLY_ACTIVE_ARCH = YES;
				SDKROOT = iphoneos;
				SWIFT_ACTIVE_COMPILATION_CONDITIONS = DEBUG;
				SWIFT_OPTIMIZATION_LEVEL = "-Onone";
			};
			name = Debug;
		};
		18C964EC255F79CD006D60F9 /* Release */ = {
			isa = XCBuildConfiguration;
			buildSettings = {
				ALWAYS_SEARCH_USER_PATHS = NO;
				CLANG_ANALYZER_NONNULL = YES;
				CLANG_ANALYZER_NUMBER_OBJECT_CONVERSION = YES_AGGRESSIVE;
				CLANG_CXX_LANGUAGE_STANDARD = "gnu++14";
				CLANG_CXX_LIBRARY = "libc++";
				CLANG_ENABLE_MODULES = YES;
				CLANG_ENABLE_OBJC_ARC = YES;
				CLANG_ENABLE_OBJC_WEAK = YES;
				CLANG_WARN_BLOCK_CAPTURE_AUTORELEASING = YES;
				CLANG_WARN_BOOL_CONVERSION = YES;
				CLANG_WARN_COMMA = YES;
				CLANG_WARN_CONSTANT_CONVERSION = YES;
				CLANG_WARN_DEPRECATED_OBJC_IMPLEMENTATIONS = YES;
				CLANG_WARN_DIRECT_OBJC_ISA_USAGE = YES_ERROR;
				CLANG_WARN_DOCUMENTATION_COMMENTS = YES;
				CLANG_WARN_EMPTY_BODY = YES;
				CLANG_WARN_ENUM_CONVERSION = YES;
				CLANG_WARN_INFINITE_RECURSION = YES;
				CLANG_WARN_INT_CONVERSION = YES;
				CLANG_WARN_NON_LITERAL_NULL_CONVERSION = YES;
				CLANG_WARN_OBJC_IMPLICIT_RETAIN_SELF = YES;
				CLANG_WARN_OBJC_LITERAL_CONVERSION = YES;
				CLANG_WARN_OBJC_ROOT_CLASS = YES_ERROR;
				CLANG_WARN_QUOTED_INCLUDE_IN_FRAMEWORK_HEADER = YES;
				CLANG_WARN_RANGE_LOOP_ANALYSIS = YES;
				CLANG_WARN_STRICT_PROTOTYPES = YES;
				CLANG_WARN_SUSPICIOUS_MOVE = YES;
				CLANG_WARN_UNGUARDED_AVAILABILITY = YES_AGGRESSIVE;
				CLANG_WARN_UNREACHABLE_CODE = YES;
				CLANG_WARN__DUPLICATE_METHOD_MATCH = YES;
				COPY_PHASE_STRIP = NO;
				DEBUG_INFORMATION_FORMAT = "dwarf-with-dsym";
				ENABLE_NS_ASSERTIONS = NO;
				ENABLE_STRICT_OBJC_MSGSEND = YES;
				GCC_C_LANGUAGE_STANDARD = gnu11;
				GCC_NO_COMMON_BLOCKS = YES;
				GCC_WARN_64_TO_32_BIT_CONVERSION = YES;
				GCC_WARN_ABOUT_RETURN_TYPE = YES_ERROR;
				GCC_WARN_UNDECLARED_SELECTOR = YES;
				GCC_WARN_UNINITIALIZED_AUTOS = YES_AGGRESSIVE;
				GCC_WARN_UNUSED_FUNCTION = YES;
				GCC_WARN_UNUSED_VARIABLE = YES;
				IPHONEOS_DEPLOYMENT_TARGET = 14.0;
				MTL_ENABLE_DEBUG_INFO = NO;
				MTL_FAST_MATH = YES;
				SDKROOT = iphoneos;
				SWIFT_COMPILATION_MODE = wholemodule;
				SWIFT_OPTIMIZATION_LEVEL = "-O";
				VALIDATE_PRODUCT = YES;
			};
			name = Release;
		};
		18C964EE255F79CD006D60F9 /* Debug */ = {
			isa = XCBuildConfiguration;
			buildSettings = {
				ASSETCATALOG_COMPILER_APPICON_NAME = AppIcon;
				ASSETCATALOG_COMPILER_GLOBAL_ACCENT_COLOR_NAME = AccentColor;
				CODE_SIGN_STYLE = Automatic;
				DEVELOPMENT_TEAM = BAHUH6U3J7;
				INFOPLIST_FILE = Supremo/Info.plist;
				IPHONEOS_DEPLOYMENT_TARGET = 13.0;
				LD_RUNPATH_SEARCH_PATHS = (
					"$(inherited)",
					"@executable_path/Frameworks",
				);
				PRODUCT_BUNDLE_IDENTIFIER = com.sharad.Supremo;
				PRODUCT_NAME = "$(TARGET_NAME)";
				SWIFT_VERSION = 5.0;
				TARGETED_DEVICE_FAMILY = 1;
			};
			name = Debug;
		};
		18C964EF255F79CD006D60F9 /* Release */ = {
			isa = XCBuildConfiguration;
			buildSettings = {
				ASSETCATALOG_COMPILER_APPICON_NAME = AppIcon;
				ASSETCATALOG_COMPILER_GLOBAL_ACCENT_COLOR_NAME = AccentColor;
				CODE_SIGN_STYLE = Automatic;
				DEVELOPMENT_TEAM = BAHUH6U3J7;
				INFOPLIST_FILE = Supremo/Info.plist;
				IPHONEOS_DEPLOYMENT_TARGET = 13.0;
				LD_RUNPATH_SEARCH_PATHS = (
					"$(inherited)",
					"@executable_path/Frameworks",
				);
				PRODUCT_BUNDLE_IDENTIFIER = com.sharad.Supremo;
				PRODUCT_NAME = "$(TARGET_NAME)";
				SWIFT_VERSION = 5.0;
				TARGETED_DEVICE_FAMILY = 1;
			};
			name = Release;
		};
		18C964F1255F79CD006D60F9 /* Debug */ = {
			isa = XCBuildConfiguration;
			buildSettings = {
				ALWAYS_EMBED_SWIFT_STANDARD_LIBRARIES = YES;
				BUNDLE_LOADER = "$(TEST_HOST)";
				CODE_SIGN_STYLE = Automatic;
				DEVELOPMENT_TEAM = BAHUH6U3J7;
				INFOPLIST_FILE = SupremoTests/Info.plist;
				IPHONEOS_DEPLOYMENT_TARGET = 14.0;
				LD_RUNPATH_SEARCH_PATHS = (
					"$(inherited)",
					"@executable_path/Frameworks",
					"@loader_path/Frameworks",
				);
				PRODUCT_BUNDLE_IDENTIFIER = com.sharad.SupremoTests;
				PRODUCT_NAME = "$(TARGET_NAME)";
				SWIFT_VERSION = 5.0;
				TARGETED_DEVICE_FAMILY = "1,2";
				TEST_HOST = "$(BUILT_PRODUCTS_DIR)/Supremo.app/Supremo";
			};
			name = Debug;
		};
		18C964F2255F79CD006D60F9 /* Release */ = {
			isa = XCBuildConfiguration;
			buildSettings = {
				ALWAYS_EMBED_SWIFT_STANDARD_LIBRARIES = YES;
				BUNDLE_LOADER = "$(TEST_HOST)";
				CODE_SIGN_STYLE = Automatic;
				DEVELOPMENT_TEAM = BAHUH6U3J7;
				INFOPLIST_FILE = SupremoTests/Info.plist;
				IPHONEOS_DEPLOYMENT_TARGET = 14.0;
				LD_RUNPATH_SEARCH_PATHS = (
					"$(inherited)",
					"@executable_path/Frameworks",
					"@loader_path/Frameworks",
				);
				PRODUCT_BUNDLE_IDENTIFIER = com.sharad.SupremoTests;
				PRODUCT_NAME = "$(TARGET_NAME)";
				SWIFT_VERSION = 5.0;
				TARGETED_DEVICE_FAMILY = "1,2";
				TEST_HOST = "$(BUILT_PRODUCTS_DIR)/Supremo.app/Supremo";
			};
			name = Release;
		};
		18C964F4255F79CD006D60F9 /* Debug */ = {
			isa = XCBuildConfiguration;
			buildSettings = {
				ALWAYS_EMBED_SWIFT_STANDARD_LIBRARIES = YES;
				CODE_SIGN_STYLE = Automatic;
				DEVELOPMENT_TEAM = BAHUH6U3J7;
				INFOPLIST_FILE = SupremoUITests/Info.plist;
				LD_RUNPATH_SEARCH_PATHS = (
					"$(inherited)",
					"@executable_path/Frameworks",
					"@loader_path/Frameworks",
				);
				PRODUCT_BUNDLE_IDENTIFIER = com.sharad.SupremoUITests;
				PRODUCT_NAME = "$(TARGET_NAME)";
				SWIFT_VERSION = 5.0;
				TARGETED_DEVICE_FAMILY = "1,2";
				TEST_TARGET_NAME = Supremo;
			};
			name = Debug;
		};
		18C964F5255F79CD006D60F9 /* Release */ = {
			isa = XCBuildConfiguration;
			buildSettings = {
				ALWAYS_EMBED_SWIFT_STANDARD_LIBRARIES = YES;
				CODE_SIGN_STYLE = Automatic;
				DEVELOPMENT_TEAM = BAHUH6U3J7;
				INFOPLIST_FILE = SupremoUITests/Info.plist;
				LD_RUNPATH_SEARCH_PATHS = (
					"$(inherited)",
					"@executable_path/Frameworks",
					"@loader_path/Frameworks",
				);
				PRODUCT_BUNDLE_IDENTIFIER = com.sharad.SupremoUITests;
				PRODUCT_NAME = "$(TARGET_NAME)";
				SWIFT_VERSION = 5.0;
				TARGETED_DEVICE_FAMILY = "1,2";
				TEST_TARGET_NAME = Supremo;
			};
			name = Release;
		};
/* End XCBuildConfiguration section */

/* Begin XCConfigurationList section */
		18C964BB255F79C8006D60F9 /* Build configuration list for PBXProject "Supremo" */ = {
			isa = XCConfigurationList;
			buildConfigurations = (
				18C964EB255F79CD006D60F9 /* Debug */,
				18C964EC255F79CD006D60F9 /* Release */,
			);
			defaultConfigurationIsVisible = 0;
			defaultConfigurationName = Release;
		};
		18C964ED255F79CD006D60F9 /* Build configuration list for PBXNativeTarget "Supremo" */ = {
			isa = XCConfigurationList;
			buildConfigurations = (
				18C964EE255F79CD006D60F9 /* Debug */,
				18C964EF255F79CD006D60F9 /* Release */,
			);
			defaultConfigurationIsVisible = 0;
			defaultConfigurationName = Release;
		};
		18C964F0255F79CD006D60F9 /* Build configuration list for PBXNativeTarget "SupremoTests" */ = {
			isa = XCConfigurationList;
			buildConfigurations = (
				18C964F1255F79CD006D60F9 /* Debug */,
				18C964F2255F79CD006D60F9 /* Release */,
			);
			defaultConfigurationIsVisible = 0;
			defaultConfigurationName = Release;
		};
		18C964F3255F79CD006D60F9 /* Build configuration list for PBXNativeTarget "SupremoUITests" */ = {
			isa = XCConfigurationList;
			buildConfigurations = (
				18C964F4255F79CD006D60F9 /* Debug */,
				18C964F5255F79CD006D60F9 /* Release */,
			);
			defaultConfigurationIsVisible = 0;
			defaultConfigurationName = Release;
		};
/* End XCConfigurationList section */

/* Begin XCVersionGroup section */
		18C964CC255F79C8006D60F9 /* Supremo.xcdatamodeld */ = {
			isa = XCVersionGroup;
			children = (
				18C964CD255F79C8006D60F9 /* Supremo.xcdatamodel */,
			);
			currentVersion = 18C964CD255F79C8006D60F9 /* Supremo.xcdatamodel */;
			path = Supremo.xcdatamodeld;
			sourceTree = "<group>";
			versionGroupType = wrapper.xcdatamodel;
		};
/* End XCVersionGroup section */
	};
	rootObject = 18C964B8255F79C8006D60F9 /* Project object */;
}
